# coordinate|version|sha256|bytes|license|source
org.junit.jupiter:junit-jupiter-api|6.0.3|d655d7e6f0c7ae07f10a2f3bbaaebb6d30e9b26204a068ad9e9b3950aa28792c|250715|EPL-2.0|https://github.com/junit-team/junit-framework
org.junit.platform:junit-platform-engine|6.0.3|491e9e4f745f161b8a8e4186a1a7c6a450ea12c70930c9aedae427215301d947|280233|EPL-2.0|https://github.com/junit-team/junit-framework
